
Microsoft Visual Studio Solution File, Format Version 12.00
# Visual Studio 14
VisualStudioVersion = 14.0.25420.1
MinimumVisualStudioVersion = 10.0.40219.1
Project("{FAE04EC0-301F-11D3-BF4B-00C04F79EFBC}") = "CustomListProject", "CustomListProject\CustomListProject.csproj", "{5A23BB0B-E427-411A-9300-4DAC1036C6CB}"
EndProject
Project("{FAE04EC0-301F-11D3-BF4B-00C04F79EFBC}") = "Custom_List_Testing", "UnitTestProject1\Custom_List_Testing.csproj", "{A510CECF-93B7-4B4D-A9F4-54E62B97FA70}"
EndProject
Global
	GlobalSection(SolutionConfigurationPlatforms) = preSolution
		Debug|Any CPU = Debug|Any CPU
		Release|Any CPU = Release|Any CPU
	EndGlobalSection
	GlobalSection(ProjectConfigurationPlatforms) = postSolution
		{5A23BB0B-E427-411A-9300-4DAC1036C6CB}.Debug|Any CPU.ActiveCfg = Debug|Any CPU
		{5A23BB0B-E427-411A-9300-4DAC1036C6CB}.Debug|Any CPU.Build.0 = Debug|Any CPU
		{5A23BB0B-E427-411A-9300-4DAC1036C6CB}.Release|Any CPU.ActiveCfg = Release|Any CPU
		{5A23BB0B-E427-411A-9300-4DAC1036C6CB}.Release|Any CPU.Build.0 = Release|Any CPU
		{A510CECF-93B7-4B4D-A9F4-54E62B97FA70}.Debug|Any CPU.ActiveCfg = Debug|Any CPU
		{A510CECF-93B7-4B4D-A9F4-54E62B97FA70}.Debug|Any CPU.Build.0 = Debug|Any CPU
		{A510CECF-93B7-4B4D-A9F4-54E62B97FA70}.Release|Any CPU.ActiveCfg = Release|Any CPU
		{A510CECF-93B7-4B4D-A9F4-54E62B97FA70}.Release|Any CPU.Build.0 = Release|Any CPU
	EndGlobalSection
	GlobalSection(SolutionProperties) = preSolution
		HideSolutionNode = FALSE
	EndGlobalSection
EndGlobal
